
Microsoft Visual Studio Solution File, Format Version 12.00
# Visual Studio 14
VisualStudioVersion = 14.0.25420.1
MinimumVisualStudioVersion = 10.0.40219.1
Project("{FAE04EC0-301F-11D3-BF4B-00C04F79EFBC}") = "ConsoleApplication", "ConsoleApplication\ConsoleApplication.csproj", "{5D032D99-F7AD-447C-A95A-4034CCF3A7D3}"
EndProject
Project("{FAE04EC0-301F-11D3-BF4B-00C04F79EFBC}") = "StringProcess", "StringProcess\StringProcess.csproj", "{B8AA10FF-EA33-4F5A-8CF0-8D85381B9E06}"
EndProject
Project("{FAE04EC0-301F-11D3-BF4B-00C04F79EFBC}") = "StringProcess.Test", "StringProcess.Test\StringProcess.Test.csproj", "{EE67614D-18AB-4FC6-8C07-DE7879F0D454}"
EndProject
Global
	GlobalSection(SolutionConfigurationPlatforms) = preSolution
		Debug|Any CPU = Debug|Any CPU
		Release|Any CPU = Release|Any CPU
	EndGlobalSection
	GlobalSection(ProjectConfigurationPlatforms) = postSolution
		{5D032D99-F7AD-447C-A95A-4034CCF3A7D3}.Debug|Any CPU.ActiveCfg = Debug|Any CPU
		{5D032D99-F7AD-447C-A95A-4034CCF3A7D3}.Debug|Any CPU.Build.0 = Debug|Any CPU
		{5D032D99-F7AD-447C-A95A-4034CCF3A7D3}.Release|Any CPU.ActiveCfg = Release|Any CPU
		{5D032D99-F7AD-447C-A95A-4034CCF3A7D3}.Release|Any CPU.Build.0 = Release|Any CPU
		{B8AA10FF-EA33-4F5A-8CF0-8D85381B9E06}.Debug|Any CPU.ActiveCfg = Debug|Any CPU
		{B8AA10FF-EA33-4F5A-8CF0-8D85381B9E06}.Debug|Any CPU.Build.0 = Debug|Any CPU
		{B8AA10FF-EA33-4F5A-8CF0-8D85381B9E06}.Release|Any CPU.ActiveCfg = Release|Any CPU
		{B8AA10FF-EA33-4F5A-8CF0-8D85381B9E06}.Release|Any CPU.Build.0 = Release|Any CPU
		{EE67614D-18AB-4FC6-8C07-DE7879F0D454}.Debug|Any CPU.ActiveCfg = Debug|Any CPU
		{EE67614D-18AB-4FC6-8C07-DE7879F0D454}.Debug|Any CPU.Build.0 = Debug|Any CPU
		{EE67614D-18AB-4FC6-8C07-DE7879F0D454}.Release|Any CPU.ActiveCfg = Release|Any CPU
		{EE67614D-18AB-4FC6-8C07-DE7879F0D454}.Release|Any CPU.Build.0 = Release|Any CPU
	EndGlobalSection
	GlobalSection(SolutionProperties) = preSolution
		HideSolutionNode = FALSE
	EndGlobalSection
EndGlobal
